
Microsoft Visual Studio Solution File, Format Version 12.00
# Visual Studio Version 17
VisualStudioVersion = 17.11.35222.181
MinimumVisualStudioVersion = 10.0.40219.1
Project("{FAE04EC0-301F-11D3-BF4B-00C04F79EFBC}") = "SchoolProjectCleanArchitecture.Api", "SchoolProjectCleanArchitecture.Api\SchoolProjectCleanArchitecture.Api.csproj", "{33870E98-1609-4A8C-8EB8-7AD46EE257DB}"
EndProject
Project("{FAE04EC0-301F-11D3-BF4B-00C04F79EFBC}") = "CleanArchProject.Data", "CleanArchProject.Data\CleanArchProject.Data.csproj", "{55703CFB-8118-4AA6-9452-B1AC6DF6B0F4}"
EndProject
Project("{FAE04EC0-301F-11D3-BF4B-00C04F79EFBC}") = "CleanArchProject.Infrastracture", "CleanArchProject.Infrastracture\CleanArchProject.Infrastracture.csproj", "{A91762BD-372B-4CC3-9181-3E22DC79E253}"
EndProject
Project("{FAE04EC0-301F-11D3-BF4B-00C04F79EFBC}") = "CleanArchProject.Service", "CleanArchProject.Service\CleanArchProject.Service.csproj", "{38EC7C7E-4463-402C-BF48-708BA56185D1}"
EndProject
Project("{FAE04EC0-301F-11D3-BF4B-00C04F79EFBC}") = "CleanArchProject.Core", "CleanArchProject.Core\CleanArchProject.Core.csproj", "{7FCB96CE-D75A-4171-8323-995FA4D98349}"
EndProject
Global
	GlobalSection(SolutionConfigurationPlatforms) = preSolution
		Debug|Any CPU = Debug|Any CPU
		Release|Any CPU = Release|Any CPU
	EndGlobalSection
	GlobalSection(ProjectConfigurationPlatforms) = postSolution
		{33870E98-1609-4A8C-8EB8-7AD46EE257DB}.Debug|Any CPU.ActiveCfg = Debug|Any CPU
		{33870E98-1609-4A8C-8EB8-7AD46EE257DB}.Debug|Any CPU.Build.0 = Debug|Any CPU
		{33870E98-1609-4A8C-8EB8-7AD46EE257DB}.Release|Any CPU.ActiveCfg = Release|Any CPU
		{33870E98-1609-4A8C-8EB8-7AD46EE257DB}.Release|Any CPU.Build.0 = Release|Any CPU
		{55703CFB-8118-4AA6-9452-B1AC6DF6B0F4}.Debug|Any CPU.ActiveCfg = Debug|Any CPU
		{55703CFB-8118-4AA6-9452-B1AC6DF6B0F4}.Debug|Any CPU.Build.0 = Debug|Any CPU
		{55703CFB-8118-4AA6-9452-B1AC6DF6B0F4}.Release|Any CPU.ActiveCfg = Release|Any CPU
		{55703CFB-8118-4AA6-9452-B1AC6DF6B0F4}.Release|Any CPU.Build.0 = Release|Any CPU
		{A91762BD-372B-4CC3-9181-3E22DC79E253}.Debug|Any CPU.ActiveCfg = Debug|Any CPU
		{A91762BD-372B-4CC3-9181-3E22DC79E253}.Debug|Any CPU.Build.0 = Debug|Any CPU
		{A91762BD-372B-4CC3-9181-3E22DC79E253}.Release|Any CPU.ActiveCfg = Release|Any CPU
		{A91762BD-372B-4CC3-9181-3E22DC79E253}.Release|Any CPU.Build.0 = Release|Any CPU
		{38EC7C7E-4463-402C-BF48-708BA56185D1}.Debug|Any CPU.ActiveCfg = Debug|Any CPU
		{38EC7C7E-4463-402C-BF48-708BA56185D1}.Debug|Any CPU.Build.0 = Debug|Any CPU
		{38EC7C7E-4463-402C-BF48-708BA56185D1}.Release|Any CPU.ActiveCfg = Release|Any CPU
		{38EC7C7E-4463-402C-BF48-708BA56185D1}.Release|Any CPU.Build.0 = Release|Any CPU
		{7FCB96CE-D75A-4171-8323-995FA4D98349}.Debug|Any CPU.ActiveCfg = Debug|Any CPU
		{7FCB96CE-D75A-4171-8323-995FA4D98349}.Debug|Any CPU.Build.0 = Debug|Any CPU
		{7FCB96CE-D75A-4171-8323-995FA4D98349}.Release|Any CPU.ActiveCfg = Release|Any CPU
		{7FCB96CE-D75A-4171-8323-995FA4D98349}.Release|Any CPU.Build.0 = Release|Any CPU
	EndGlobalSection
	GlobalSection(SolutionProperties) = preSolution
		HideSolutionNode = FALSE
	EndGlobalSection
	GlobalSection(ExtensibilityGlobals) = postSolution
		SolutionGuid = {1BF9D1F4-201C-4B44-875D-91B8FC611B22}
	EndGlobalSection
EndGlobal
